
Microsoft Visual Studio Solution File, Format Version 12.00
# Visual Studio 15
VisualStudioVersion = 15.0.27428.2037
MinimumVisualStudioVersion = 10.0.40219.1
Project("{FAE04EC0-301F-11D3-BF4B-00C04F79EFBC}") = "AutomationTrial", "AutomationTrial\AutomationTrial.csproj", "{7AC3F1CA-C9E4-47A9-B467-EE17FA3077C6}"
EndProject
Global
	GlobalSection(SolutionConfigurationPlatforms) = preSolution
		Debug|Any CPU = Debug|Any CPU
		Release|Any CPU = Release|Any CPU
	EndGlobalSection
	GlobalSection(ProjectConfigurationPlatforms) = postSolution
		{7AC3F1CA-C9E4-47A9-B467-EE17FA3077C6}.Debug|Any CPU.ActiveCfg = Debug|Any CPU
		{7AC3F1CA-C9E4-47A9-B467-EE17FA3077C6}.Debug|Any CPU.Build.0 = Debug|Any CPU
		{7AC3F1CA-C9E4-47A9-B467-EE17FA3077C6}.Release|Any CPU.ActiveCfg = Release|Any CPU
		{7AC3F1CA-C9E4-47A9-B467-EE17FA3077C6}.Release|Any CPU.Build.0 = Release|Any CPU
	EndGlobalSection
	GlobalSection(SolutionProperties) = preSolution
		HideSolutionNode = FALSE
	EndGlobalSection
	GlobalSection(ExtensibilityGlobals) = postSolution
		SolutionGuid = {3E56C8F4-BA4D-4858-B461-502A02349BB8}
	EndGlobalSection
EndGlobal
